
Microsoft Visual Studio Solution File, Format Version 12.00
# Visual Studio Version 17
VisualStudioVersion = 17.8.34511.84
MinimumVisualStudioVersion = 10.0.40219.1
Project("{FAE04EC0-301F-11D3-BF4B-00C04F79EFBC}") = "InterviewPractice", "InterviewPractice\InterviewPractice.csproj", "{E94DA651-6620-471D-A410-E0B88DB0D8ED}"
EndProject
Global
	GlobalSection(SolutionConfigurationPlatforms) = preSolution
		Debug|Any CPU = Debug|Any CPU
		Release|Any CPU = Release|Any CPU
	EndGlobalSection
	GlobalSection(ProjectConfigurationPlatforms) = postSolution
		{E94DA651-6620-471D-A410-E0B88DB0D8ED}.Debug|Any CPU.ActiveCfg = Debug|Any CPU
		{E94DA651-6620-471D-A410-E0B88DB0D8ED}.Debug|Any CPU.Build.0 = Debug|Any CPU
		{E94DA651-6620-471D-A410-E0B88DB0D8ED}.Release|Any CPU.ActiveCfg = Release|Any CPU
		{E94DA651-6620-471D-A410-E0B88DB0D8ED}.Release|Any CPU.Build.0 = Release|Any CPU
	EndGlobalSection
	GlobalSection(SolutionProperties) = preSolution
		HideSolutionNode = FALSE
	EndGlobalSection
	GlobalSection(ExtensibilityGlobals) = postSolution
		SolutionGuid = {CDD55A7B-4710-4854-A7EC-44EF9BC26B5E}
	EndGlobalSection
EndGlobal
